
Microsoft Visual Studio Solution File, Format Version 12.00
# Visual Studio 15
VisualStudioVersion = 15.0.28307.1259
MinimumVisualStudioVersion = 10.0.40219.1
Project("{FAE04EC0-301F-11D3-BF4B-00C04F79EFBC}") = "Katas", "Katas.csproj", "{7C71132E-C478-4A0F-9221-7A5D4CEF9FEB}"
EndProject
Project("{FAE04EC0-301F-11D3-BF4B-00C04F79EFBC}") = "Katas.Test", "..\Katas.Test\Katas.Test.csproj", "{401F2132-3E61-47B9-8A8D-E53658852221}"
EndProject
Global
	GlobalSection(SolutionConfigurationPlatforms) = preSolution
		Debug|Any CPU = Debug|Any CPU
		Release|Any CPU = Release|Any CPU
	EndGlobalSection
	GlobalSection(ProjectConfigurationPlatforms) = postSolution
		{7C71132E-C478-4A0F-9221-7A5D4CEF9FEB}.Debug|Any CPU.ActiveCfg = Debug|Any CPU
		{7C71132E-C478-4A0F-9221-7A5D4CEF9FEB}.Debug|Any CPU.Build.0 = Debug|Any CPU
		{7C71132E-C478-4A0F-9221-7A5D4CEF9FEB}.Release|Any CPU.ActiveCfg = Release|Any CPU
		{7C71132E-C478-4A0F-9221-7A5D4CEF9FEB}.Release|Any CPU.Build.0 = Release|Any CPU
		{401F2132-3E61-47B9-8A8D-E53658852221}.Debug|Any CPU.ActiveCfg = Debug|Any CPU
		{401F2132-3E61-47B9-8A8D-E53658852221}.Debug|Any CPU.Build.0 = Debug|Any CPU
		{401F2132-3E61-47B9-8A8D-E53658852221}.Release|Any CPU.ActiveCfg = Release|Any CPU
		{401F2132-3E61-47B9-8A8D-E53658852221}.Release|Any CPU.Build.0 = Release|Any CPU
	EndGlobalSection
	GlobalSection(SolutionProperties) = preSolution
		HideSolutionNode = FALSE
	EndGlobalSection
	GlobalSection(ExtensibilityGlobals) = postSolution
		SolutionGuid = {915A1B08-69BC-476B-AE73-99330BA384BC}
	EndGlobalSection
EndGlobal
